// !$*UTF8*$!
{
	archiveVersion = 1;
	classes = {
	};
	objectVersion = 77;
	objects = {

/* Begin PBXBuildFile section */
		1E1616F52E0453F800D4BE1E /* EpisodesListView.swift in Sources */ = {isa = PBXBuildFile; fileRef = 1E1616F42E0453F800D4BE1E /* EpisodesListView.swift */; };
		1E1616F72E04540400D4BE1E /* EpisodeDetailView.swift in Sources */ = {isa = PBXBuildFile; fileRef = 1E1616F62E04540400D4BE1E /* EpisodeDetailView.swift */; };
		1E1616FA2E04541A00D4BE1E /* EpisodeRow.swift in Sources */ = {isa = PBXBuildFile; fileRef = 1E1616F92E04541A00D4BE1E /* EpisodeRow.swift */; };
		1E1616FC2E04542900D4BE1E /* EpisodeNumber.swift in Sources */ = {isa = PBXBuildFile; fileRef = 1E1616FB2E04542900D4BE1E /* EpisodeNumber.swift */; };
		1E1616FE2E04544300D4BE1E /* CharacterDetailView.swift in Sources */ = {isa = PBXBuildFile; fileRef = 1E1616FD2E04544300D4BE1E /* CharacterDetailView.swift */; };
		1E1617002E04546D00D4BE1E /* Episode.swift in Sources */ = {isa = PBXBuildFile; fileRef = 1E1616FF2E04546D00D4BE1E /* Episode.swift */; };
		1E1617022E04547500D4BE1E /* Character.swift in Sources */ = {isa = PBXBuildFile; fileRef = 1E1617012E04547500D4BE1E /* Character.swift */; };
		1E1617052E04555700D4BE1E /* EpisodesViewModel.swift in Sources */ = {isa = PBXBuildFile; fileRef = 1E1617042E04555700D4BE1E /* EpisodesViewModel.swift */; };
		1E1617082E045BA500D4BE1E /* String.swift in Sources */ = {isa = PBXBuildFile; fileRef = 1E1617072E045BA500D4BE1E /* String.swift */; };
		1E16170A2E045EA700D4BE1E /* CharactersViewModel.swift in Sources */ = {isa = PBXBuildFile; fileRef = 1E1617092E045EA700D4BE1E /* CharactersViewModel.swift */; };
		1E16170D2E045F0700D4BE1E /* NetworkService.swift in Sources */ = {isa = PBXBuildFile; fileRef = 1E16170C2E045F0700D4BE1E /* NetworkService.swift */; };
		1E16170F2E0460A800D4BE1E /* LoadStatus.swift in Sources */ = {isa = PBXBuildFile; fileRef = 1E16170E2E0460A800D4BE1E /* LoadStatus.swift */; };
		1E90CB722E055BBE001D543F /* ErrorMessage.swift in Sources */ = {isa = PBXBuildFile; fileRef = 1E90CB712E055BBE001D543F /* ErrorMessage.swift */; };
		1E90CB7B2E0561BA001D543F /* Int.swift in Sources */ = {isa = PBXBuildFile; fileRef = 1E90CB7A2E0561BA001D543F /* Int.swift */; };
		1E90CB7F2E056AD2001D543F /* CharacterDetailRow.swift in Sources */ = {isa = PBXBuildFile; fileRef = 1E90CB7E2E056AD2001D543F /* CharacterDetailRow.swift */; };
/* End PBXBuildFile section */

/* Begin PBXFileReference section */
		1E1616E22E04533600D4BE1E /* Rick & Morty.app */ = {isa = PBXFileReference; explicitFileType = wrapper.application; includeInIndex = 0; path = "Rick & Morty.app"; sourceTree = BUILT_PRODUCTS_DIR; };
		1E1616F42E0453F800D4BE1E /* EpisodesListView.swift */ = {isa = PBXFileReference; lastKnownFileType = sourcecode.swift; path = EpisodesListView.swift; sourceTree = "<group>"; };
		1E1616F62E04540400D4BE1E /* EpisodeDetailView.swift */ = {isa = PBXFileReference; lastKnownFileType = sourcecode.swift; path = EpisodeDetailView.swift; sourceTree = "<group>"; };
		1E1616F92E04541A00D4BE1E /* EpisodeRow.swift */ = {isa = PBXFileReference; lastKnownFileType = sourcecode.swift; path = EpisodeRow.swift; sourceTree = "<group>"; };
		1E1616FB2E04542900D4BE1E /* EpisodeNumber.swift */ = {isa = PBXFileReference; lastKnownFileType = sourcecode.swift; path = EpisodeNumber.swift; sourceTree = "<group>"; };
		1E1616FD2E04544300D4BE1E /* CharacterDetailView.swift */ = {isa = PBXFileReference; lastKnownFileType = sourcecode.swift; path = CharacterDetailView.swift; sourceTree = "<group>"; };
		1E1616FF2E04546D00D4BE1E /* Episode.swift */ = {isa = PBXFileReference; lastKnownFileType = sourcecode.swift; path = Episode.swift; sourceTree = "<group>"; };
		1E1617012E04547500D4BE1E /* Character.swift */ = {isa = PBXFileReference; lastKnownFileType = sourcecode.swift; path = Character.swift; sourceTree = "<group>"; };
		1E1617042E04555700D4BE1E /* EpisodesViewModel.swift */ = {isa = PBXFileReference; lastKnownFileType = sourcecode.swift; path = EpisodesViewModel.swift; sourceTree = "<group>"; };
		1E1617072E045BA500D4BE1E /* String.swift */ = {isa = PBXFileReference; lastKnownFileType = sourcecode.swift; path = String.swift; sourceTree = "<group>"; };
		1E1617092E045EA700D4BE1E /* CharactersViewModel.swift */ = {isa = PBXFileReference; lastKnownFileType = sourcecode.swift; path = CharactersViewModel.swift; sourceTree = "<group>"; };
		1E16170C2E045F0700D4BE1E /* NetworkService.swift */ = {isa = PBXFileReference; lastKnownFileType = sourcecode.swift; path = NetworkService.swift; sourceTree = "<group>"; };
		1E16170E2E0460A800D4BE1E /* LoadStatus.swift */ = {isa = PBXFileReference; lastKnownFileType = sourcecode.swift; path = LoadStatus.swift; sourceTree = "<group>"; };
		1E90CB712E055BBE001D543F /* ErrorMessage.swift */ = {isa = PBXFileReference; lastKnownFileType = sourcecode.swift; path = ErrorMessage.swift; sourceTree = "<group>"; };
		1E90CB7A2E0561BA001D543F /* Int.swift */ = {isa = PBXFileReference; lastKnownFileType = sourcecode.swift; path = Int.swift; sourceTree = "<group>"; };
		1E90CB7E2E056AD2001D543F /* CharacterDetailRow.swift */ = {isa = PBXFileReference; lastKnownFileType = sourcecode.swift; path = CharacterDetailRow.swift; sourceTree = "<group>"; };
/* End PBXFileReference section */

/* Begin PBXFileSystemSynchronizedRootGroup section */
		1E1616E42E04533600D4BE1E /* Rick & Morty */ = {
			isa = PBXFileSystemSynchronizedRootGroup;
			path = "Rick & Morty";
			sourceTree = "<group>";
		};
/* End PBXFileSystemSynchronizedRootGroup section */

/* Begin PBXFrameworksBuildPhase section */
		1E1616DF2E04533600D4BE1E /* Frameworks */ = {
			isa = PBXFrameworksBuildPhase;
			buildActionMask = 2147483647;
			files = (
			);
			runOnlyForDeploymentPostprocessing = 0;
		};
/* End PBXFrameworksBuildPhase section */

/* Begin PBXGroup section */
		1E1616D92E04533600D4BE1E = {
			isa = PBXGroup;
			children = (
				1E16170B2E045EF600D4BE1E /* Controller */,
				1E1617062E045B9E00D4BE1E /* Extensions */,
				1E1617032E0454FC00D4BE1E /* ViewModels */,
				1E1616F22E04534E00D4BE1E /* Views */,
				1E1616F12E04534800D4BE1E /* Models */,
				1E1616E42E04533600D4BE1E /* Rick & Morty */,
				1E1616E32E04533600D4BE1E /* Products */,
			);
			sourceTree = "<group>";
		};
		1E1616E32E04533600D4BE1E /* Products */ = {
			isa = PBXGroup;
			children = (
				1E1616E22E04533600D4BE1E /* Rick & Morty.app */,
			);
			name = Products;
			sourceTree = "<group>";
		};
		1E1616F12E04534800D4BE1E /* Models */ = {
			isa = PBXGroup;
			children = (
				1E1616FF2E04546D00D4BE1E /* Episode.swift */,
				1E1617012E04547500D4BE1E /* Character.swift */,
				1E16170E2E0460A800D4BE1E /* LoadStatus.swift */,
			);
			path = Models;
			sourceTree = "<group>";
		};
		1E1616F22E04534E00D4BE1E /* Views */ = {
			isa = PBXGroup;
			children = (
				1E1616F82E04540800D4BE1E /* Components */,
				1E1616F42E0453F800D4BE1E /* EpisodesListView.swift */,
				1E1616F62E04540400D4BE1E /* EpisodeDetailView.swift */,
				1E1616FD2E04544300D4BE1E /* CharacterDetailView.swift */,
			);
			path = Views;
			sourceTree = "<group>";
		};
		1E1616F82E04540800D4BE1E /* Components */ = {
			isa = PBXGroup;
			children = (
				1E1616F92E04541A00D4BE1E /* EpisodeRow.swift */,
				1E1616FB2E04542900D4BE1E /* EpisodeNumber.swift */,
				1E90CB712E055BBE001D543F /* ErrorMessage.swift */,
				1E90CB7E2E056AD2001D543F /* CharacterDetailRow.swift */,
			);
			path = Components;
			sourceTree = "<group>";
		};
		1E1617032E0454FC00D4BE1E /* ViewModels */ = {
			isa = PBXGroup;
			children = (
				1E1617042E04555700D4BE1E /* EpisodesViewModel.swift */,
				1E1617092E045EA700D4BE1E /* CharactersViewModel.swift */,
			);
			path = ViewModels;
			sourceTree = "<group>";
		};
		1E1617062E045B9E00D4BE1E /* Extensions */ = {
			isa = PBXGroup;
			children = (
				1E1617072E045BA500D4BE1E /* String.swift */,
				1E90CB7A2E0561BA001D543F /* Int.swift */,
			);
			path = Extensions;
			sourceTree = "<group>";
		};
		1E16170B2E045EF600D4BE1E /* Controller */ = {
			isa = PBXGroup;
			children = (
				1E16170C2E045F0700D4BE1E /* NetworkService.swift */,
			);
			path = Controller;
			sourceTree = "<group>";
		};
/* End PBXGroup section */

/* Begin PBXNativeTarget section */
		1E1616E12E04533600D4BE1E /* Rick & Morty */ = {
			isa = PBXNativeTarget;
			buildConfigurationList = 1E1616EE2E04533700D4BE1E /* Build configuration list for PBXNativeTarget "Rick & Morty" */;
			buildPhases = (
				1E1616DE2E04533600D4BE1E /* Sources */,
				1E1616DF2E04533600D4BE1E /* Frameworks */,
				1E1616E02E04533600D4BE1E /* Resources */,
			);
			buildRules = (
			);
			dependencies = (
			);
			fileSystemSynchronizedGroups = (
				1E1616E42E04533600D4BE1E /* Rick & Morty */,
			);
			name = "Rick & Morty";
			packageProductDependencies = (
			);
			productName = "Rick & Morty";
			productReference = 1E1616E22E04533600D4BE1E /* Rick & Morty.app */;
			productType = "com.apple.product-type.application";
		};
/* End PBXNativeTarget section */

/* Begin PBXProject section */
		1E1616DA2E04533600D4BE1E /* Project object */ = {
			isa = PBXProject;
			attributes = {
				BuildIndependentTargetsInParallel = 1;
				LastSwiftUpdateCheck = 1640;
				LastUpgradeCheck = 1640;
				TargetAttributes = {
					1E1616E12E04533600D4BE1E = {
						CreatedOnToolsVersion = 16.4;
					};
				};
			};
			buildConfigurationList = 1E1616DD2E04533600D4BE1E /* Build configuration list for PBXProject "Rick & Morty" */;
			developmentRegion = en;
			hasScannedForEncodings = 0;
			knownRegions = (
				en,
				Base,
			);
			mainGroup = 1E1616D92E04533600D4BE1E;
			minimizedProjectReferenceProxies = 1;
			preferredProjectObjectVersion = 77;
			productRefGroup = 1E1616E32E04533600D4BE1E /* Products */;
			projectDirPath = "";
			projectRoot = "";
			targets = (
				1E1616E12E04533600D4BE1E /* Rick & Morty */,
			);
		};
/* End PBXProject section */

/* Begin PBXResourcesBuildPhase section */
		1E1616E02E04533600D4BE1E /* Resources */ = {
			isa = PBXResourcesBuildPhase;
			buildActionMask = 2147483647;
			files = (
			);
			runOnlyForDeploymentPostprocessing = 0;
		};
/* End PBXResourcesBuildPhase section */

/* Begin PBXSourcesBuildPhase section */
		1E1616DE2E04533600D4BE1E /* Sources */ = {
			isa = PBXSourcesBuildPhase;
			buildActionMask = 2147483647;
			files = (
				1E16170A2E045EA700D4BE1E /* CharactersViewModel.swift in Sources */,
				1E1617022E04547500D4BE1E /* Character.swift in Sources */,
				1E1617082E045BA500D4BE1E /* String.swift in Sources */,
				1E1616FA2E04541A00D4BE1E /* EpisodeRow.swift in Sources */,
				1E1617002E04546D00D4BE1E /* Episode.swift in Sources */,
				1E90CB722E055BBE001D543F /* ErrorMessage.swift in Sources */,
				1E1616F52E0453F800D4BE1E /* EpisodesListView.swift in Sources */,
				1E90CB7F2E056AD2001D543F /* CharacterDetailRow.swift in Sources */,
				1E1616FC2E04542900D4BE1E /* EpisodeNumber.swift in Sources */,
				1E1616FE2E04544300D4BE1E /* CharacterDetailView.swift in Sources */,
				1E1617052E04555700D4BE1E /* EpisodesViewModel.swift in Sources */,
				1E1616F72E04540400D4BE1E /* EpisodeDetailView.swift in Sources */,
				1E16170F2E0460A800D4BE1E /* LoadStatus.swift in Sources */,
				1E16170D2E045F0700D4BE1E /* NetworkService.swift in Sources */,
				1E90CB7B2E0561BA001D543F /* Int.swift in Sources */,
			);
			runOnlyForDeploymentPostprocessing = 0;
		};
/* End PBXSourcesBuildPhase section */

/* Begin XCBuildConfiguration section */
		1E1616EC2E04533700D4BE1E /* Debug */ = {
			isa = XCBuildConfiguration;
			buildSettings = {
				ALWAYS_SEARCH_USER_PATHS = NO;
				ASSETCATALOG_COMPILER_GENERATE_SWIFT_ASSET_SYMBOL_EXTENSIONS = YES;
				CLANG_ANALYZER_NONNULL = YES;
				CLANG_ANALYZER_NUMBER_OBJECT_CONVERSION = YES_AGGRESSIVE;
				CLANG_CXX_LANGUAGE_STANDARD = "gnu++20";
				CLANG_ENABLE_MODULES = YES;
				CLANG_ENABLE_OBJC_ARC = YES;
				CLANG_ENABLE_OBJC_WEAK = YES;
				CLANG_WARN_BLOCK_CAPTURE_AUTORELEASING = YES;
				CLANG_WARN_BOOL_CONVERSION = YES;
				CLANG_WARN_COMMA = YES;
				CLANG_WARN_CONSTANT_CONVERSION = YES;
				CLANG_WARN_DEPRECATED_OBJC_IMPLEMENTATIONS = YES;
				CLANG_WARN_DIRECT_OBJC_ISA_USAGE = YES_ERROR;
				CLANG_WARN_DOCUMENTATION_COMMENTS = YES;
				CLANG_WARN_EMPTY_BODY = YES;
				CLANG_WARN_ENUM_CONVERSION = YES;
				CLANG_WARN_INFINITE_RECURSION = YES;
				CLANG_WARN_INT_CONVERSION = YES;
				CLANG_WARN_NON_LITERAL_NULL_CONVERSION = YES;
				CLANG_WARN_OBJC_IMPLICIT_RETAIN_SELF = YES;
				CLANG_WARN_OBJC_LITERAL_CONVERSION = YES;
				CLANG_WARN_OBJC_ROOT_CLASS = YES_ERROR;
				CLANG_WARN_QUOTED_INCLUDE_IN_FRAMEWORK_HEADER = YES;
				CLANG_WARN_RANGE_LOOP_ANALYSIS = YES;
				CLANG_WARN_STRICT_PROTOTYPES = YES;
				CLANG_WARN_SUSPICIOUS_MOVE = YES;
				CLANG_WARN_UNGUARDED_AVAILABILITY = YES_AGGRESSIVE;
				CLANG_WARN_UNREACHABLE_CODE = YES;
				CLANG_WARN__DUPLICATE_METHOD_MATCH = YES;
				COPY_PHASE_STRIP = NO;
				DEBUG_INFORMATION_FORMAT = dwarf;
				DEVELOPMENT_TEAM = PNJ2ZGDY4C;
				ENABLE_STRICT_OBJC_MSGSEND = YES;
				ENABLE_TESTABILITY = YES;
				ENABLE_USER_SCRIPT_SANDBOXING = YES;
				GCC_C_LANGUAGE_STANDARD = gnu17;
				GCC_DYNAMIC_NO_PIC = NO;
				GCC_NO_COMMON_BLOCKS = YES;
				GCC_OPTIMIZATION_LEVEL = 0;
				GCC_PREPROCESSOR_DEFINITIONS = (
					"DEBUG=1",
					"$(inherited)",
				);
				GCC_WARN_64_TO_32_BIT_CONVERSION = YES;
				GCC_WARN_ABOUT_RETURN_TYPE = YES_ERROR;
				GCC_WARN_UNDECLARED_SELECTOR = YES;
				GCC_WARN_UNINITIALIZED_AUTOS = YES_AGGRESSIVE;
				GCC_WARN_UNUSED_FUNCTION = YES;
				GCC_WARN_UNUSED_VARIABLE = YES;
				LOCALIZATION_PREFERS_STRING_CATALOGS = YES;
				MTL_ENABLE_DEBUG_INFO = INCLUDE_SOURCE;
				MTL_FAST_MATH = YES;
				ONLY_ACTIVE_ARCH = YES;
				SWIFT_ACTIVE_COMPILATION_CONDITIONS = "DEBUG $(inherited)";
				SWIFT_OPTIMIZATION_LEVEL = "-Onone";
			};
			name = Debug;
		};
		1E1616ED2E04533700D4BE1E /* Release */ = {
			isa = XCBuildConfiguration;
			buildSettings = {
				ALWAYS_SEARCH_USER_PATHS = NO;
				ASSETCATALOG_COMPILER_GENERATE_SWIFT_ASSET_SYMBOL_EXTENSIONS = YES;
				CLANG_ANALYZER_NONNULL = YES;
				CLANG_ANALYZER_NUMBER_OBJECT_CONVERSION = YES_AGGRESSIVE;
				CLANG_CXX_LANGUAGE_STANDARD = "gnu++20";
				CLANG_ENABLE_MODULES = YES;
				CLANG_ENABLE_OBJC_ARC = YES;
				CLANG_ENABLE_OBJC_WEAK = YES;
				CLANG_WARN_BLOCK_CAPTURE_AUTORELEASING = YES;
				CLANG_WARN_BOOL_CONVERSION = YES;
				CLANG_WARN_COMMA = YES;
				CLANG_WARN_CONSTANT_CONVERSION = YES;
				CLANG_WARN_DEPRECATED_OBJC_IMPLEMENTATIONS = YES;
				CLANG_WARN_DIRECT_OBJC_ISA_USAGE = YES_ERROR;
				CLANG_WARN_DOCUMENTATION_COMMENTS = YES;
				CLANG_WARN_EMPTY_BODY = YES;
				CLANG_WARN_ENUM_CONVERSION = YES;
				CLANG_WARN_INFINITE_RECURSION = YES;
				CLANG_WARN_INT_CONVERSION = YES;
				CLANG_WARN_NON_LITERAL_NULL_CONVERSION = YES;
				CLANG_WARN_OBJC_IMPLICIT_RETAIN_SELF = YES;
				CLANG_WARN_OBJC_LITERAL_CONVERSION = YES;
				CLANG_WARN_OBJC_ROOT_CLASS = YES_ERROR;
				CLANG_WARN_QUOTED_INCLUDE_IN_FRAMEWORK_HEADER = YES;
				CLANG_WARN_RANGE_LOOP_ANALYSIS = YES;
				CLANG_WARN_STRICT_PROTOTYPES = YES;
				CLANG_WARN_SUSPICIOUS_MOVE = YES;
				CLANG_WARN_UNGUARDED_AVAILABILITY = YES_AGGRESSIVE;
				CLANG_WARN_UNREACHABLE_CODE = YES;
				CLANG_WARN__DUPLICATE_METHOD_MATCH = YES;
				COPY_PHASE_STRIP = NO;
				DEBUG_INFORMATION_FORMAT = "dwarf-with-dsym";
				DEVELOPMENT_TEAM = PNJ2ZGDY4C;
				ENABLE_NS_ASSERTIONS = NO;
				ENABLE_STRICT_OBJC_MSGSEND = YES;
				ENABLE_USER_SCRIPT_SANDBOXING = YES;
				GCC_C_LANGUAGE_STANDARD = gnu17;
				GCC_NO_COMMON_BLOCKS = YES;
				GCC_WARN_64_TO_32_BIT_CONVERSION = YES;
				GCC_WARN_ABOUT_RETURN_TYPE = YES_ERROR;
				GCC_WARN_UNDECLARED_SELECTOR = YES;
				GCC_WARN_UNINITIALIZED_AUTOS = YES_AGGRESSIVE;
				GCC_WARN_UNUSED_FUNCTION = YES;
				GCC_WARN_UNUSED_VARIABLE = YES;
				LOCALIZATION_PREFERS_STRING_CATALOGS = YES;
				MTL_ENABLE_DEBUG_INFO = NO;
				MTL_FAST_MATH = YES;
				SWIFT_COMPILATION_MODE = wholemodule;
			};
			name = Release;
		};
		1E1616EF2E04533700D4BE1E /* Debug */ = {
			isa = XCBuildConfiguration;
			buildSettings = {
				ASSETCATALOG_COMPILER_APPICON_NAME = AppIcon;
				ASSETCATALOG_COMPILER_GLOBAL_ACCENT_COLOR_NAME = AccentColor;
				CODE_SIGN_ENTITLEMENTS = "Rick & Morty/RickAndMorty.entitlements";
				CODE_SIGN_STYLE = Automatic;
				CURRENT_PROJECT_VERSION = 1;
				DEVELOPMENT_TEAM = PNJ2ZGDY4C;
				ENABLE_HARDENED_RUNTIME = YES;
				ENABLE_PREVIEWS = YES;
				GENERATE_INFOPLIST_FILE = YES;
				"INFOPLIST_KEY_UIApplicationSceneManifest_Generation[sdk=iphoneos*]" = YES;
				"INFOPLIST_KEY_UIApplicationSceneManifest_Generation[sdk=iphonesimulator*]" = YES;
				"INFOPLIST_KEY_UIApplicationSupportsIndirectInputEvents[sdk=iphoneos*]" = YES;
				"INFOPLIST_KEY_UIApplicationSupportsIndirectInputEvents[sdk=iphonesimulator*]" = YES;
				"INFOPLIST_KEY_UILaunchScreen_Generation[sdk=iphoneos*]" = YES;
				"INFOPLIST_KEY_UILaunchScreen_Generation[sdk=iphonesimulator*]" = YES;
				"INFOPLIST_KEY_UIStatusBarStyle[sdk=iphoneos*]" = UIStatusBarStyleDefault;
				"INFOPLIST_KEY_UIStatusBarStyle[sdk=iphonesimulator*]" = UIStatusBarStyleDefault;
				INFOPLIST_KEY_UISupportedInterfaceOrientations_iPad = "UIInterfaceOrientationPortrait UIInterfaceOrientationPortraitUpsideDown UIInterfaceOrientationLandscapeLeft UIInterfaceOrientationLandscapeRight";
				INFOPLIST_KEY_UISupportedInterfaceOrientations_iPhone = "UIInterfaceOrientationPortrait UIInterfaceOrientationLandscapeLeft UIInterfaceOrientationLandscapeRight";
				IPHONEOS_DEPLOYMENT_TARGET = 18.5;
				LD_RUNPATH_SEARCH_PATHS = "@executable_path/Frameworks";
				"LD_RUNPATH_SEARCH_PATHS[sdk=macosx*]" = "@executable_path/../Frameworks";
				MACOSX_DEPLOYMENT_TARGET = 15.5;
				MARKETING_VERSION = 1.0;
				PRODUCT_BUNDLE_IDENTIFIER = com.rickandmorty.app;
				PRODUCT_NAME = "$(TARGET_NAME)";
				REGISTER_APP_GROUPS = YES;
				SDKROOT = auto;
				SUPPORTED_PLATFORMS = "iphoneos iphonesimulator macosx xros xrsimulator";
				SWIFT_EMIT_LOC_STRINGS = YES;
				SWIFT_VERSION = 5.0;
				TARGETED_DEVICE_FAMILY = "1,2,7";
				XROS_DEPLOYMENT_TARGET = 2.5;
			};
			name = Debug;
		};
		1E1616F02E04533700D4BE1E /* Release */ = {
			isa = XCBuildConfiguration;
			buildSettings = {
				ASSETCATALOG_COMPILER_APPICON_NAME = AppIcon;
				ASSETCATALOG_COMPILER_GLOBAL_ACCENT_COLOR_NAME = AccentColor;
				CODE_SIGN_ENTITLEMENTS = "Rick & Morty/RickAndMorty.entitlements";
				CODE_SIGN_STYLE = Automatic;
				CURRENT_PROJECT_VERSION = 1;
				DEVELOPMENT_TEAM = PNJ2ZGDY4C;
				ENABLE_HARDENED_RUNTIME = YES;
				ENABLE_PREVIEWS = YES;
				GENERATE_INFOPLIST_FILE = YES;
				"INFOPLIST_KEY_UIApplicationSceneManifest_Generation[sdk=iphoneos*]" = YES;
				"INFOPLIST_KEY_UIApplicationSceneManifest_Generation[sdk=iphonesimulator*]" = YES;
				"INFOPLIST_KEY_UIApplicationSupportsIndirectInputEvents[sdk=iphoneos*]" = YES;
				"INFOPLIST_KEY_UIApplicationSupportsIndirectInputEvents[sdk=iphonesimulator*]" = YES;
				"INFOPLIST_KEY_UILaunchScreen_Generation[sdk=iphoneos*]" = YES;
				"INFOPLIST_KEY_UILaunchScreen_Generation[sdk=iphonesimulator*]" = YES;
				"INFOPLIST_KEY_UIStatusBarStyle[sdk=iphoneos*]" = UIStatusBarStyleDefault;
				"INFOPLIST_KEY_UIStatusBarStyle[sdk=iphonesimulator*]" = UIStatusBarStyleDefault;
				INFOPLIST_KEY_UISupportedInterfaceOrientations_iPad = "UIInterfaceOrientationPortrait UIInterfaceOrientationPortraitUpsideDown UIInterfaceOrientationLandscapeLeft UIInterfaceOrientationLandscapeRight";
				INFOPLIST_KEY_UISupportedInterfaceOrientations_iPhone = "UIInterfaceOrientationPortrait UIInterfaceOrientationLandscapeLeft UIInterfaceOrientationLandscapeRight";
				IPHONEOS_DEPLOYMENT_TARGET = 18.5;
				LD_RUNPATH_SEARCH_PATHS = "@executable_path/Frameworks";
				"LD_RUNPATH_SEARCH_PATHS[sdk=macosx*]" = "@executable_path/../Frameworks";
				MACOSX_DEPLOYMENT_TARGET = 15.5;
				MARKETING_VERSION = 1.0;
				PRODUCT_BUNDLE_IDENTIFIER = com.rickandmorty.app;
				PRODUCT_NAME = "$(TARGET_NAME)";
				REGISTER_APP_GROUPS = YES;
				SDKROOT = auto;
				SUPPORTED_PLATFORMS = "iphoneos iphonesimulator macosx xros xrsimulator";
				SWIFT_EMIT_LOC_STRINGS = YES;
				SWIFT_VERSION = 5.0;
				TARGETED_DEVICE_FAMILY = "1,2,7";
				XROS_DEPLOYMENT_TARGET = 2.5;
			};
			name = Release;
		};
/* End XCBuildConfiguration section */

/* Begin XCConfigurationList section */
		1E1616DD2E04533600D4BE1E /* Build configuration list for PBXProject "Rick & Morty" */ = {
			isa = XCConfigurationList;
			buildConfigurations = (
				1E1616EC2E04533700D4BE1E /* Debug */,
				1E1616ED2E04533700D4BE1E /* Release */,
			);
			defaultConfigurationIsVisible = 0;
			defaultConfigurationName = Release;
		};
		1E1616EE2E04533700D4BE1E /* Build configuration list for PBXNativeTarget "Rick & Morty" */ = {
			isa = XCConfigurationList;
			buildConfigurations = (
				1E1616EF2E04533700D4BE1E /* Debug */,
				1E1616F02E04533700D4BE1E /* Release */,
			);
			defaultConfigurationIsVisible = 0;
			defaultConfigurationName = Release;
		};
/* End XCConfigurationList section */
	};
	rootObject = 1E1616DA2E04533600D4BE1E /* Project object */;
}
